// !$*UTF8*$!
{
	archiveVersion = 1;
	classes = {
	};
	objectVersion = 46;
	objects = {

/* Begin PBXBuildFile section */
		C4251EE71D3D4201005C5A57 /* OnDemandDependency.swift in Sources */ = {isa = PBXBuildFile; fileRef = C4251EE61D3D4201005C5A57 /* OnDemandDependency.swift */; };
		C4466D151D3D2761008D0A80 /* ModuleLoader.swift in Sources */ = {isa = PBXBuildFile; fileRef = C4466D141D3D2761008D0A80 /* ModuleLoader.swift */; };
		C44D7A70224F3A4700D5DBB2 /* CustomAsserts.swift in Sources */ = {isa = PBXBuildFile; fileRef = C44D7A6F224F3A4700D5DBB2 /* CustomAsserts.swift */; };
		C450E6BA237D78DC0083A62F /* FatalErrorNotifierDoubles.swift in Sources */ = {isa = PBXBuildFile; fileRef = C450E6B8237D78A50083A62F /* FatalErrorNotifierDoubles.swift */; };
		C450E6C0237D79930083A62F /* Srting+StaticString.swift in Sources */ = {isa = PBXBuildFile; fileRef = C450E6BB237D79360083A62F /* Srting+StaticString.swift */; };
		C46B3DAF237039ED00706DF8 /* Inject.swift in Sources */ = {isa = PBXBuildFile; fileRef = C46B3DAE237039ED00706DF8 /* Inject.swift */; };
		C46EBFCE237D7F2300E59594 /* Weatherman.swift in Sources */ = {isa = PBXBuildFile; fileRef = C46EBFCA237D7EF300E59594 /* Weatherman.swift */; };
		C46EBFCF237D7F2300E59594 /* WeatherService.swift in Sources */ = {isa = PBXBuildFile; fileRef = C46EBFCC237D7F0700E59594 /* WeatherService.swift */; };
		C46EBFD2237D7FA400E59594 /* DependencyDoubles.swift in Sources */ = {isa = PBXBuildFile; fileRef = C46EBFD0237D7FA100E59594 /* DependencyDoubles.swift */; };
		C46EBFD4237D80B900E59594 /* Service.swift in Sources */ = {isa = PBXBuildFile; fileRef = C46EBFD3237D80B900E59594 /* Service.swift */; };
		C4A0CFCB1D3CF88F00BCEC00 /* ArgumentList.swift in Sources */ = {isa = PBXBuildFile; fileRef = C4A0CFBC1D3CF88F00BCEC00 /* ArgumentList.swift */; };
		C4A0CFCD1D3CF88F00BCEC00 /* Container.swift in Sources */ = {isa = PBXBuildFile; fileRef = C4A0CFBE1D3CF88F00BCEC00 /* Container.swift */; };
		C4A0CFCE1D3CF88F00BCEC00 /* DefineConfigurator.swift in Sources */ = {isa = PBXBuildFile; fileRef = C4A0CFBF1D3CF88F00BCEC00 /* DefineConfigurator.swift */; };
		C4A0CFCF1D3CF88F00BCEC00 /* Dependency.swift in Sources */ = {isa = PBXBuildFile; fileRef = C4A0CFC01D3CF88F00BCEC00 /* Dependency.swift */; };
		C4A0CFD01D3CF88F00BCEC00 /* FatalErrorNotifier.swift in Sources */ = {isa = PBXBuildFile; fileRef = C4A0CFC11D3CF88F00BCEC00 /* FatalErrorNotifier.swift */; };
		C4A0CFD21D3CF88F00BCEC00 /* Module.swift in Sources */ = {isa = PBXBuildFile; fileRef = C4A0CFC31D3CF88F00BCEC00 /* Module.swift */; };
		C4A0CFD31D3CF88F00BCEC00 /* ModuleLoadingPredicate.swift in Sources */ = {isa = PBXBuildFile; fileRef = C4A0CFC41D3CF88F00BCEC00 /* ModuleLoadingPredicate.swift */; };
		C4A0CFD41D3CF88F00BCEC00 /* PainlessInjector.h in Headers */ = {isa = PBXBuildFile; fileRef = C4A0CFC51D3CF88F00BCEC00 /* PainlessInjector.h */; settings = {ATTRIBUTES = (Public, ); }; };
		C4A0CFD51D3CF88F00BCEC00 /* SingletonDependency.swift in Sources */ = {isa = PBXBuildFile; fileRef = C4A0CFC61D3CF88F00BCEC00 /* SingletonDependency.swift */; };
		C4A0CFD61D3CF88F00BCEC00 /* StandardFatalErrorNotifier.swift in Sources */ = {isa = PBXBuildFile; fileRef = C4A0CFC71D3CF88F00BCEC00 /* StandardFatalErrorNotifier.swift */; };
		C4A0D00B1D3CFB8E00BCEC00 /* ArgumentListTests.swift in Sources */ = {isa = PBXBuildFile; fileRef = C4A0CFDB1D3CF89700BCEC00 /* ArgumentListTests.swift */; };
		C4A0D00C1D3CFB8E00BCEC00 /* ContainerTests.swift in Sources */ = {isa = PBXBuildFile; fileRef = C4A0CFDC1D3CF89700BCEC00 /* ContainerTests.swift */; };
		C4A0D00D1D3CFB8E00BCEC00 /* FataErrorNotifierTests.swift in Sources */ = {isa = PBXBuildFile; fileRef = C4A0CFDD1D3CF89700BCEC00 /* FataErrorNotifierTests.swift */; };
		C4A0D00E1D3CFB8E00BCEC00 /* Modules.swift in Sources */ = {isa = PBXBuildFile; fileRef = C4A0CFDE1D3CF89700BCEC00 /* Modules.swift */; };
		C4A0D00F1D3CFB8E00BCEC00 /* ModuleLoadingTests.swift in Sources */ = {isa = PBXBuildFile; fileRef = C4A0CFE01D3CF89700BCEC00 /* ModuleLoadingTests.swift */; };
		C4A0D0161D3CFC0B00BCEC00 /* PainlessInjection.framework in Frameworks */ = {isa = PBXBuildFile; fileRef = C4A6EE271D340F3F00CB7442 /* PainlessInjection.framework */; };
		C4ED55DB237030A300D5DA6F /* AutoinjectTests.swift in Sources */ = {isa = PBXBuildFile; fileRef = C4ED55DA237030A300D5DA6F /* AutoinjectTests.swift */; };
/* End PBXBuildFile section */

/* Begin PBXContainerItemProxy section */
		C4A0D0121D3CFC0400BCEC00 /* PBXContainerItemProxy */ = {
			isa = PBXContainerItemProxy;
			containerPortal = C4A6EE1E1D340F3F00CB7442 /* Project object */;
			proxyType = 1;
			remoteGlobalIDString = C4A6EE261D340F3F00CB7442;
			remoteInfo = PainlessInjection;
		};
/* End PBXContainerItemProxy section */

/* Begin PBXFileReference section */
		C4251EE61D3D4201005C5A57 /* OnDemandDependency.swift */ = {isa = PBXFileReference; fileEncoding = 4; lastKnownFileType = sourcecode.swift; path = OnDemandDependency.swift; sourceTree = "<group>"; };
		C4466D141D3D2761008D0A80 /* ModuleLoader.swift */ = {isa = PBXFileReference; fileEncoding = 4; lastKnownFileType = sourcecode.swift; path = ModuleLoader.swift; sourceTree = "<group>"; };
		C44D7A6F224F3A4700D5DBB2 /* CustomAsserts.swift */ = {isa = PBXFileReference; lastKnownFileType = sourcecode.swift; path = CustomAsserts.swift; sourceTree = "<group>"; };
		C450E6B8237D78A50083A62F /* FatalErrorNotifierDoubles.swift */ = {isa = PBXFileReference; lastKnownFileType = sourcecode.swift; path = FatalErrorNotifierDoubles.swift; sourceTree = "<group>"; };
		C450E6BB237D79360083A62F /* Srting+StaticString.swift */ = {isa = PBXFileReference; lastKnownFileType = sourcecode.swift; path = "Srting+StaticString.swift"; sourceTree = "<group>"; };
		C46B3DAE237039ED00706DF8 /* Inject.swift */ = {isa = PBXFileReference; lastKnownFileType = sourcecode.swift; path = Inject.swift; sourceTree = "<group>"; };
		C46EBFCA237D7EF300E59594 /* Weatherman.swift */ = {isa = PBXFileReference; lastKnownFileType = sourcecode.swift; path = Weatherman.swift; sourceTree = "<group>"; };
		C46EBFCC237D7F0700E59594 /* WeatherService.swift */ = {isa = PBXFileReference; lastKnownFileType = sourcecode.swift; path = WeatherService.swift; sourceTree = "<group>"; };
		C46EBFD0237D7FA100E59594 /* DependencyDoubles.swift */ = {isa = PBXFileReference; lastKnownFileType = sourcecode.swift; path = DependencyDoubles.swift; sourceTree = "<group>"; };
		C46EBFD3237D80B900E59594 /* Service.swift */ = {isa = PBXFileReference; lastKnownFileType = sourcecode.swift; path = Service.swift; sourceTree = "<group>"; };
		C4A0CFBC1D3CF88F00BCEC00 /* ArgumentList.swift */ = {isa = PBXFileReference; fileEncoding = 4; lastKnownFileType = sourcecode.swift; path = ArgumentList.swift; sourceTree = "<group>"; };
		C4A0CFBE1D3CF88F00BCEC00 /* Container.swift */ = {isa = PBXFileReference; fileEncoding = 4; lastKnownFileType = sourcecode.swift; path = Container.swift; sourceTree = "<group>"; };
		C4A0CFBF1D3CF88F00BCEC00 /* DefineConfigurator.swift */ = {isa = PBXFileReference; fileEncoding = 4; lastKnownFileType = sourcecode.swift; path = DefineConfigurator.swift; sourceTree = "<group>"; };
		C4A0CFC01D3CF88F00BCEC00 /* Dependency.swift */ = {isa = PBXFileReference; fileEncoding = 4; lastKnownFileType = sourcecode.swift; path = Dependency.swift; sourceTree = "<group>"; };
		C4A0CFC11D3CF88F00BCEC00 /* FatalErrorNotifier.swift */ = {isa = PBXFileReference; fileEncoding = 4; lastKnownFileType = sourcecode.swift; path = FatalErrorNotifier.swift; sourceTree = "<group>"; };
		C4A0CFC21D3CF88F00BCEC00 /* Info.plist */ = {isa = PBXFileReference; fileEncoding = 4; lastKnownFileType = text.plist.xml; path = Info.plist; sourceTree = "<group>"; };
		C4A0CFC31D3CF88F00BCEC00 /* Module.swift */ = {isa = PBXFileReference; fileEncoding = 4; lastKnownFileType = sourcecode.swift; path = Module.swift; sourceTree = "<group>"; };
		C4A0CFC41D3CF88F00BCEC00 /* ModuleLoadingPredicate.swift */ = {isa = PBXFileReference; fileEncoding = 4; lastKnownFileType = sourcecode.swift; path = ModuleLoadingPredicate.swift; sourceTree = "<group>"; };
		C4A0CFC51D3CF88F00BCEC00 /* PainlessInjector.h */ = {isa = PBXFileReference; fileEncoding = 4; lastKnownFileType = sourcecode.c.h; path = PainlessInjector.h; sourceTree = "<group>"; };
		C4A0CFC61D3CF88F00BCEC00 /* SingletonDependency.swift */ = {isa = PBXFileReference; fileEncoding = 4; lastKnownFileType = sourcecode.swift; path = SingletonDependency.swift; sourceTree = "<group>"; };
		C4A0CFC71D3CF88F00BCEC00 /* StandardFatalErrorNotifier.swift */ = {isa = PBXFileReference; fileEncoding = 4; lastKnownFileType = sourcecode.swift; path = StandardFatalErrorNotifier.swift; sourceTree = "<group>"; };
		C4A0CFDB1D3CF89700BCEC00 /* ArgumentListTests.swift */ = {isa = PBXFileReference; fileEncoding = 4; lastKnownFileType = sourcecode.swift; path = ArgumentListTests.swift; sourceTree = "<group>"; };
		C4A0CFDC1D3CF89700BCEC00 /* ContainerTests.swift */ = {isa = PBXFileReference; fileEncoding = 4; lastKnownFileType = sourcecode.swift; path = ContainerTests.swift; sourceTree = "<group>"; };
		C4A0CFDD1D3CF89700BCEC00 /* FataErrorNotifierTests.swift */ = {isa = PBXFileReference; fileEncoding = 4; lastKnownFileType = sourcecode.swift; path = FataErrorNotifierTests.swift; sourceTree = "<group>"; };
		C4A0CFDE1D3CF89700BCEC00 /* Modules.swift */ = {isa = PBXFileReference; fileEncoding = 4; lastKnownFileType = sourcecode.swift; path = Modules.swift; sourceTree = "<group>"; };
		C4A0CFDF1D3CF89700BCEC00 /* Info.plist */ = {isa = PBXFileReference; fileEncoding = 4; lastKnownFileType = text.plist.xml; path = Info.plist; sourceTree = "<group>"; };
		C4A0CFE01D3CF89700BCEC00 /* ModuleLoadingTests.swift */ = {isa = PBXFileReference; fileEncoding = 4; lastKnownFileType = sourcecode.swift; path = ModuleLoadingTests.swift; sourceTree = "<group>"; };
		C4A6EE271D340F3F00CB7442 /* PainlessInjection.framework */ = {isa = PBXFileReference; explicitFileType = wrapper.framework; includeInIndex = 0; path = PainlessInjection.framework; sourceTree = BUILT_PRODUCTS_DIR; };
		C4A6EE311D340F3F00CB7442 /* PainlessInjectionTests.xctest */ = {isa = PBXFileReference; explicitFileType = wrapper.cfbundle; includeInIndex = 0; path = PainlessInjectionTests.xctest; sourceTree = BUILT_PRODUCTS_DIR; };
		C4ED55DA237030A300D5DA6F /* AutoinjectTests.swift */ = {isa = PBXFileReference; lastKnownFileType = sourcecode.swift; path = AutoinjectTests.swift; sourceTree = "<group>"; };
/* End PBXFileReference section */

/* Begin PBXFrameworksBuildPhase section */
		C4A6EE231D340F3F00CB7442 /* Frameworks */ = {
			isa = PBXFrameworksBuildPhase;
			buildActionMask = 2147483647;
			files = (
			);
			runOnlyForDeploymentPostprocessing = 0;
		};
		C4A6EE2E1D340F3F00CB7442 /* Frameworks */ = {
			isa = PBXFrameworksBuildPhase;
			buildActionMask = 2147483647;
			files = (
				C4A0D0161D3CFC0B00BCEC00 /* PainlessInjection.framework in Frameworks */,
			);
			runOnlyForDeploymentPostprocessing = 0;
		};
/* End PBXFrameworksBuildPhase section */

/* Begin PBXGroup section */
		C450E6C2237D79B10083A62F /* Cases */ = {
			isa = PBXGroup;
			children = (
				C4A0CFDB1D3CF89700BCEC00 /* ArgumentListTests.swift */,
				C4A0CFDC1D3CF89700BCEC00 /* ContainerTests.swift */,
				C4A0CFDD1D3CF89700BCEC00 /* FataErrorNotifierTests.swift */,
				C4A0CFE01D3CF89700BCEC00 /* ModuleLoadingTests.swift */,
				C4ED55DA237030A300D5DA6F /* AutoinjectTests.swift */,
			);
			path = Cases;
			sourceTree = "<group>";
		};
		C450E6C3237D79C10083A62F /* Doubles */ = {
			isa = PBXGroup;
			children = (
				C450E6B8237D78A50083A62F /* FatalErrorNotifierDoubles.swift */,
				C46EBFD0237D7FA100E59594 /* DependencyDoubles.swift */,
			);
			path = Doubles;
			sourceTree = "<group>";
		};
		C46EBFC9237D7CBE00E59594 /* Helpers */ = {
			isa = PBXGroup;
			children = (
				C44D7A6F224F3A4700D5DBB2 /* CustomAsserts.swift */,
				C450E6BB237D79360083A62F /* Srting+StaticString.swift */,
			);
			path = Helpers;
			sourceTree = "<group>";
		};
		C46EBFD5237D80EA00E59594 /* Fixtures */ = {
			isa = PBXGroup;
			children = (
				C4A0CFDE1D3CF89700BCEC00 /* Modules.swift */,
				C46EBFCA237D7EF300E59594 /* Weatherman.swift */,
				C46EBFCC237D7F0700E59594 /* WeatherService.swift */,
				C46EBFD3237D80B900E59594 /* Service.swift */,
			);
			path = Fixtures;
			sourceTree = "<group>";
		};
		C4A0CFBB1D3CF88F00BCEC00 /* Source */ = {
			isa = PBXGroup;
			children = (
				C4A0CFBC1D3CF88F00BCEC00 /* ArgumentList.swift */,
				C4A0CFBE1D3CF88F00BCEC00 /* Container.swift */,
				C4A0CFBF1D3CF88F00BCEC00 /* DefineConfigurator.swift */,
				C4A0CFC01D3CF88F00BCEC00 /* Dependency.swift */,
				C4A0CFC11D3CF88F00BCEC00 /* FatalErrorNotifier.swift */,
				C4A0CFC31D3CF88F00BCEC00 /* Module.swift */,
				C4A0CFC41D3CF88F00BCEC00 /* ModuleLoadingPredicate.swift */,
				C4A0CFC51D3CF88F00BCEC00 /* PainlessInjector.h */,
				C4A0CFC61D3CF88F00BCEC00 /* SingletonDependency.swift */,
				C4A0CFC71D3CF88F00BCEC00 /* StandardFatalErrorNotifier.swift */,
				C4466D141D3D2761008D0A80 /* ModuleLoader.swift */,
				C4251EE61D3D4201005C5A57 /* OnDemandDependency.swift */,
				C46B3DAE237039ED00706DF8 /* Inject.swift */,
				C4A0CFC21D3CF88F00BCEC00 /* Info.plist */,
			);
			path = Source;
			sourceTree = "<group>";
		};
		C4A0CFDA1D3CF89700BCEC00 /* Tests */ = {
			isa = PBXGroup;
			children = (
				C450E6C2237D79B10083A62F /* Cases */,
				C450E6C3237D79C10083A62F /* Doubles */,
				C46EBFD5237D80EA00E59594 /* Fixtures */,
				C46EBFC9237D7CBE00E59594 /* Helpers */,
				C4A0CFDF1D3CF89700BCEC00 /* Info.plist */,
			);
			path = Tests;
			sourceTree = "<group>";
		};
		C4A6EE1D1D340F3F00CB7442 = {
			isa = PBXGroup;
			children = (
				C4A0CFBB1D3CF88F00BCEC00 /* Source */,
				C4A0CFDA1D3CF89700BCEC00 /* Tests */,
				C4A6EE281D340F3F00CB7442 /* Products */,
			);
			sourceTree = "<group>";
		};
		C4A6EE281D340F3F00CB7442 /* Products */ = {
			isa = PBXGroup;
			children = (
				C4A6EE271D340F3F00CB7442 /* PainlessInjection.framework */,
				C4A6EE311D340F3F00CB7442 /* PainlessInjectionTests.xctest */,
			);
			name = Products;
			sourceTree = "<group>";
		};
/* End PBXGroup section */

/* Begin PBXHeadersBuildPhase section */
		C4A6EE241D340F3F00CB7442 /* Headers */ = {
			isa = PBXHeadersBuildPhase;
			buildActionMask = 2147483647;
			files = (
				C4A0CFD41D3CF88F00BCEC00 /* PainlessInjector.h in Headers */,
			);
			runOnlyForDeploymentPostprocessing = 0;
		};
/* End PBXHeadersBuildPhase section */

/* Begin PBXNativeTarget section */
		C4A6EE261D340F3F00CB7442 /* PainlessInjection */ = {
			isa = PBXNativeTarget;
			buildConfigurationList = C4A6EE3B1D340F3F00CB7442 /* Build configuration list for PBXNativeTarget "PainlessInjection" */;
			buildPhases = (
				C4A6EE221D340F3F00CB7442 /* Sources */,
				C4A6EE231D340F3F00CB7442 /* Frameworks */,
				C4A6EE241D340F3F00CB7442 /* Headers */,
				C4A6EE251D340F3F00CB7442 /* Resources */,
				C402DE822379A77700649AC3 /* Swiftlint */,
			);
			buildRules = (
			);
			dependencies = (
			);
			name = PainlessInjection;
			productName = PainlessInjector;
			productReference = C4A6EE271D340F3F00CB7442 /* PainlessInjection.framework */;
			productType = "com.apple.product-type.framework";
		};
		C4A6EE301D340F3F00CB7442 /* PainlessInjectionTests */ = {
			isa = PBXNativeTarget;
			buildConfigurationList = C4A6EE3E1D340F3F00CB7442 /* Build configuration list for PBXNativeTarget "PainlessInjectionTests" */;
			buildPhases = (
				C4A6EE2D1D340F3F00CB7442 /* Sources */,
				C4A6EE2E1D340F3F00CB7442 /* Frameworks */,
				C4A6EE2F1D340F3F00CB7442 /* Resources */,
			);
			buildRules = (
			);
			dependencies = (
				C4A0D0131D3CFC0400BCEC00 /* PBXTargetDependency */,
			);
			name = PainlessInjectionTests;
			productName = PainlessInjectorTests;
			productReference = C4A6EE311D340F3F00CB7442 /* PainlessInjectionTests.xctest */;
			productType = "com.apple.product-type.bundle.unit-test";
		};
/* End PBXNativeTarget section */

/* Begin PBXProject section */
		C4A6EE1E1D340F3F00CB7442 /* Project object */ = {
			isa = PBXProject;
			attributes = {
				LastSwiftUpdateCheck = 0730;
				LastUpgradeCheck = 1110;
				ORGANIZATIONNAME = "Yaroslav Zhurakovskiy";
				TargetAttributes = {
					C4A6EE261D340F3F00CB7442 = {
						CreatedOnToolsVersion = 7.3.1;
						LastSwiftMigration = 1010;
					};
					C4A6EE301D340F3F00CB7442 = {
						CreatedOnToolsVersion = 7.3.1;
						LastSwiftMigration = 1010;
					};
				};
			};
			buildConfigurationList = C4A6EE211D340F3F00CB7442 /* Build configuration list for PBXProject "PainlessInjection" */;
			compatibilityVersion = "Xcode 3.2";
			developmentRegion = en;
			hasScannedForEncodings = 0;
			knownRegions = (
				en,
				Base,
			);
			mainGroup = C4A6EE1D1D340F3F00CB7442;
			productRefGroup = C4A6EE281D340F3F00CB7442 /* Products */;
			projectDirPath = "";
			projectRoot = "";
			targets = (
				C4A6EE261D340F3F00CB7442 /* PainlessInjection */,
				C4A6EE301D340F3F00CB7442 /* PainlessInjectionTests */,
			);
		};
/* End PBXProject section */

/* Begin PBXResourcesBuildPhase section */
		C4A6EE251D340F3F00CB7442 /* Resources */ = {
			isa = PBXResourcesBuildPhase;
			buildActionMask = 2147483647;
			files = (
			);
			runOnlyForDeploymentPostprocessing = 0;
		};
		C4A6EE2F1D340F3F00CB7442 /* Resources */ = {
			isa = PBXResourcesBuildPhase;
			buildActionMask = 2147483647;
			files = (
			);
			runOnlyForDeploymentPostprocessing = 0;
		};
/* End PBXResourcesBuildPhase section */

/* Begin PBXShellScriptBuildPhase section */
		C402DE822379A77700649AC3 /* Swiftlint */ = {
			isa = PBXShellScriptBuildPhase;
			buildActionMask = 2147483647;
			files = (
			);
			inputFileListPaths = (
			);
			inputPaths = (
			);
			name = Swiftlint;
			outputFileListPaths = (
			);
			outputPaths = (
			);
			runOnlyForDeploymentPostprocessing = 0;
			shellPath = /bin/sh;
			shellScript = "if which swiftlint >/dev/null; then\nswiftlint\nelse\necho \"warning: SwiftLint not installed, download from https://github.com/realm/SwiftLint\"\nfi\n";
		};
/* End PBXShellScriptBuildPhase section */

/* Begin PBXSourcesBuildPhase section */
		C4A6EE221D340F3F00CB7442 /* Sources */ = {
			isa = PBXSourcesBuildPhase;
			buildActionMask = 2147483647;
			files = (
				C4A0CFD51D3CF88F00BCEC00 /* SingletonDependency.swift in Sources */,
				C4A0CFCB1D3CF88F00BCEC00 /* ArgumentList.swift in Sources */,
				C4A0CFCF1D3CF88F00BCEC00 /* Dependency.swift in Sources */,
				C4A0CFCE1D3CF88F00BCEC00 /* DefineConfigurator.swift in Sources */,
				C46B3DAF237039ED00706DF8 /* Inject.swift in Sources */,
				C4251EE71D3D4201005C5A57 /* OnDemandDependency.swift in Sources */,
				C4A0CFD61D3CF88F00BCEC00 /* StandardFatalErrorNotifier.swift in Sources */,
				C4466D151D3D2761008D0A80 /* ModuleLoader.swift in Sources */,
				C4A0CFD01D3CF88F00BCEC00 /* FatalErrorNotifier.swift in Sources */,
				C4A0CFD31D3CF88F00BCEC00 /* ModuleLoadingPredicate.swift in Sources */,
				C4A0CFD21D3CF88F00BCEC00 /* Module.swift in Sources */,
				C4A0CFCD1D3CF88F00BCEC00 /* Container.swift in Sources */,
			);
			runOnlyForDeploymentPostprocessing = 0;
		};
		C4A6EE2D1D340F3F00CB7442 /* Sources */ = {
			isa = PBXSourcesBuildPhase;
			buildActionMask = 2147483647;
			files = (
				C4A0D00B1D3CFB8E00BCEC00 /* ArgumentListTests.swift in Sources */,
				C4A0D00F1D3CFB8E00BCEC00 /* ModuleLoadingTests.swift in Sources */,
				C450E6BA237D78DC0083A62F /* FatalErrorNotifierDoubles.swift in Sources */,
				C4A0D00C1D3CFB8E00BCEC00 /* ContainerTests.swift in Sources */,
				C46EBFCE237D7F2300E59594 /* Weatherman.swift in Sources */,
				C46EBFD2237D7FA400E59594 /* DependencyDoubles.swift in Sources */,
				C46EBFD4237D80B900E59594 /* Service.swift in Sources */,
				C44D7A70224F3A4700D5DBB2 /* CustomAsserts.swift in Sources */,
				C4A0D00D1D3CFB8E00BCEC00 /* FataErrorNotifierTests.swift in Sources */,
				C450E6C0237D79930083A62F /* Srting+StaticString.swift in Sources */,
				C46EBFCF237D7F2300E59594 /* WeatherService.swift in Sources */,
				C4A0D00E1D3CFB8E00BCEC00 /* Modules.swift in Sources */,
				C4ED55DB237030A300D5DA6F /* AutoinjectTests.swift in Sources */,
			);
			runOnlyForDeploymentPostprocessing = 0;
		};
/* End PBXSourcesBuildPhase section */

/* Begin PBXTargetDependency section */
		C4A0D0131D3CFC0400BCEC00 /* PBXTargetDependency */ = {
			isa = PBXTargetDependency;
			target = C4A6EE261D340F3F00CB7442 /* PainlessInjection */;
			targetProxy = C4A0D0121D3CFC0400BCEC00 /* PBXContainerItemProxy */;
		};
/* End PBXTargetDependency section */

/* Begin XCBuildConfiguration section */
		C4A6EE391D340F3F00CB7442 /* Debug */ = {
			isa = XCBuildConfiguration;
			buildSettings = {
				ALWAYS_SEARCH_USER_PATHS = NO;
				CLANG_ANALYZER_LOCALIZABILITY_NONLOCALIZED = YES;
				CLANG_ANALYZER_NONNULL = YES;
				CLANG_CXX_LANGUAGE_STANDARD = "gnu++0x";
				CLANG_CXX_LIBRARY = "libc++";
				CLANG_ENABLE_MODULES = YES;
				CLANG_ENABLE_OBJC_ARC = YES;
				CLANG_WARN_BLOCK_CAPTURE_AUTORELEASING = YES;
				CLANG_WARN_BOOL_CONVERSION = YES;
				CLANG_WARN_COMMA = YES;
				CLANG_WARN_CONSTANT_CONVERSION = YES;
				CLANG_WARN_DEPRECATED_OBJC_IMPLEMENTATIONS = YES;
				CLANG_WARN_DIRECT_OBJC_ISA_USAGE = YES_ERROR;
				CLANG_WARN_EMPTY_BODY = YES;
				CLANG_WARN_ENUM_CONVERSION = YES;
				CLANG_WARN_INFINITE_RECURSION = YES;
				CLANG_WARN_INT_CONVERSION = YES;
				CLANG_WARN_NON_LITERAL_NULL_CONVERSION = YES;
				CLANG_WARN_OBJC_IMPLICIT_RETAIN_SELF = YES;
				CLANG_WARN_OBJC_LITERAL_CONVERSION = YES;
				CLANG_WARN_OBJC_ROOT_CLASS = YES_ERROR;
				CLANG_WARN_RANGE_LOOP_ANALYSIS = YES;
				CLANG_WARN_STRICT_PROTOTYPES = YES;
				CLANG_WARN_SUSPICIOUS_MOVE = YES;
				CLANG_WARN_UNREACHABLE_CODE = YES;
				CLANG_WARN__DUPLICATE_METHOD_MATCH = YES;
				"CODE_SIGN_IDENTITY[sdk=iphoneos*]" = "";
				COPY_PHASE_STRIP = NO;
				CURRENT_PROJECT_VERSION = 3;
				DEBUG_INFORMATION_FORMAT = dwarf;
				ENABLE_STRICT_OBJC_MSGSEND = YES;
				ENABLE_TESTABILITY = YES;
				GCC_C_LANGUAGE_STANDARD = gnu99;
				GCC_DYNAMIC_NO_PIC = NO;
				GCC_NO_COMMON_BLOCKS = YES;
				GCC_OPTIMIZATION_LEVEL = 0;
				GCC_PREPROCESSOR_DEFINITIONS = (
					"DEBUG=1",
					"$(inherited)",
				);
				GCC_WARN_64_TO_32_BIT_CONVERSION = YES;
				GCC_WARN_ABOUT_RETURN_TYPE = YES_ERROR;
				GCC_WARN_UNDECLARED_SELECTOR = YES;
				GCC_WARN_UNINITIALIZED_AUTOS = YES_AGGRESSIVE;
				GCC_WARN_UNUSED_FUNCTION = YES;
				GCC_WARN_UNUSED_VARIABLE = YES;
				IPHONEOS_DEPLOYMENT_TARGET = 9.3;
				MTL_ENABLE_DEBUG_INFO = YES;
				ONLY_ACTIVE_ARCH = YES;
				SDKROOT = iphoneos;
				SWIFT_OPTIMIZATION_LEVEL = "-Onone";
				SWIFT_VERSION = 5.0;
				TARGETED_DEVICE_FAMILY = "1,2";
				VERSIONING_SYSTEM = "apple-generic";
				VERSION_INFO_PREFIX = "";
			};
			name = Debug;
		};
		C4A6EE3A1D340F3F00CB7442 /* Release */ = {
			isa = XCBuildConfiguration;
			buildSettings = {
				ALWAYS_SEARCH_USER_PATHS = NO;
				CLANG_ANALYZER_LOCALIZABILITY_NONLOCALIZED = YES;
				CLANG_ANALYZER_NONNULL = YES;
				CLANG_CXX_LANGUAGE_STANDARD = "gnu++0x";
				CLANG_CXX_LIBRARY = "libc++";
				CLANG_ENABLE_MODULES = YES;
				CLANG_ENABLE_OBJC_ARC = YES;
				CLANG_WARN_BLOCK_CAPTURE_AUTORELEASING = YES;
				CLANG_WARN_BOOL_CONVERSION = YES;
				CLANG_WARN_COMMA = YES;
				CLANG_WARN_CONSTANT_CONVERSION = YES;
				CLANG_WARN_DEPRECATED_OBJC_IMPLEMENTATIONS = YES;
				CLANG_WARN_DIRECT_OBJC_ISA_USAGE = YES_ERROR;
				CLANG_WARN_EMPTY_BODY = YES;
				CLANG_WARN_ENUM_CONVERSION = YES;
				CLANG_WARN_INFINITE_RECURSION = YES;
				CLANG_WARN_INT_CONVERSION = YES;
				CLANG_WARN_NON_LITERAL_NULL_CONVERSION = YES;
				CLANG_WARN_OBJC_IMPLICIT_RETAIN_SELF = YES;
				CLANG_WARN_OBJC_LITERAL_CONVERSION = YES;
				CLANG_WARN_OBJC_ROOT_CLASS = YES_ERROR;
				CLANG_WARN_RANGE_LOOP_ANALYSIS = YES;
				CLANG_WARN_STRICT_PROTOTYPES = YES;
				CLANG_WARN_SUSPICIOUS_MOVE = YES;
				CLANG_WARN_UNREACHABLE_CODE = YES;
				CLANG_WARN__DUPLICATE_METHOD_MATCH = YES;
				"CODE_SIGN_IDENTITY[sdk=iphoneos*]" = "";
				COPY_PHASE_STRIP = NO;
				CURRENT_PROJECT_VERSION = 3;
				DEBUG_INFORMATION_FORMAT = "dwarf-with-dsym";
				ENABLE_NS_ASSERTIONS = NO;
				ENABLE_STRICT_OBJC_MSGSEND = YES;
				GCC_C_LANGUAGE_STANDARD = gnu99;
				GCC_NO_COMMON_BLOCKS = YES;
				GCC_WARN_64_TO_32_BIT_CONVERSION = YES;
				GCC_WARN_ABOUT_RETURN_TYPE = YES_ERROR;
				GCC_WARN_UNDECLARED_SELECTOR = YES;
				GCC_WARN_UNINITIALIZED_AUTOS = YES_AGGRESSIVE;
				GCC_WARN_UNUSED_FUNCTION = YES;
				GCC_WARN_UNUSED_VARIABLE = YES;
				IPHONEOS_DEPLOYMENT_TARGET = 9.3;
				MTL_ENABLE_DEBUG_INFO = NO;
				SDKROOT = iphoneos;
				SWIFT_OPTIMIZATION_LEVEL = "-Owholemodule";
				SWIFT_VERSION = 5.0;
				TARGETED_DEVICE_FAMILY = "1,2";
				VALIDATE_PRODUCT = YES;
				VERSIONING_SYSTEM = "apple-generic";
				VERSION_INFO_PREFIX = "";
			};
			name = Release;
		};
		C4A6EE3C1D340F3F00CB7442 /* Debug */ = {
			isa = XCBuildConfiguration;
			buildSettings = {
				CLANG_ENABLE_MODULES = YES;
				"CODE_SIGN_IDENTITY[sdk=iphoneos*]" = "";
				CURRENT_PROJECT_VERSION = 5;
				DEFINES_MODULE = YES;
				DYLIB_COMPATIBILITY_VERSION = 1;
				DYLIB_CURRENT_VERSION = 3;
				DYLIB_INSTALL_NAME_BASE = "@rpath";
				INFOPLIST_FILE = Source/Info.plist;
				INSTALL_PATH = "$(LOCAL_LIBRARY_DIR)/Frameworks";
				IPHONEOS_DEPLOYMENT_TARGET = 8.0;
				LD_RUNPATH_SEARCH_PATHS = "$(inherited) @executable_path/Frameworks @loader_path/Frameworks";
				MARKETING_VERSION = 1.5.0;
				PRODUCT_BUNDLE_IDENTIFIER = "yaroslav-zhurakovskiy.PainlessInjector";
				PRODUCT_NAME = PainlessInjection;
				SKIP_INSTALL = YES;
				SWIFT_OPTIMIZATION_LEVEL = "-Onone";
				SWIFT_VERSION = 5.0;
			};
			name = Debug;
		};
		C4A6EE3D1D340F3F00CB7442 /* Release */ = {
			isa = XCBuildConfiguration;
			buildSettings = {
				CLANG_ENABLE_MODULES = YES;
				"CODE_SIGN_IDENTITY[sdk=iphoneos*]" = "";
				CURRENT_PROJECT_VERSION = 5;
				DEFINES_MODULE = YES;
				DYLIB_COMPATIBILITY_VERSION = 1;
				DYLIB_CURRENT_VERSION = 3;
				DYLIB_INSTALL_NAME_BASE = "@rpath";
				INFOPLIST_FILE = Source/Info.plist;
				INSTALL_PATH = "$(LOCAL_LIBRARY_DIR)/Frameworks";
				IPHONEOS_DEPLOYMENT_TARGET = 8.0;
				LD_RUNPATH_SEARCH_PATHS = "$(inherited) @executable_path/Frameworks @loader_path/Frameworks";
				MARKETING_VERSION = 1.5.0;
				PRODUCT_BUNDLE_IDENTIFIER = "yaroslav-zhurakovskiy.PainlessInjector";
				PRODUCT_NAME = PainlessInjection;
				SKIP_INSTALL = YES;
				SWIFT_VERSION = 5.0;
			};
			name = Release;
		};
		C4A6EE3F1D340F3F00CB7442 /* Debug */ = {
			isa = XCBuildConfiguration;
			buildSettings = {
				INFOPLIST_FILE = Tests/Info.plist;
				LD_RUNPATH_SEARCH_PATHS = "$(inherited) @executable_path/Frameworks @loader_path/Frameworks";
				PRODUCT_BUNDLE_IDENTIFIER = "yaroslav-zhurakovskiy.PainlessInjectionTests";
				PRODUCT_NAME = PainlessInjectionTests;
				SWIFT_VERSION = 5.0;
			};
			name = Debug;
		};
		C4A6EE401D340F3F00CB7442 /* Release */ = {
			isa = XCBuildConfiguration;
			buildSettings = {
				INFOPLIST_FILE = Tests/Info.plist;
				LD_RUNPATH_SEARCH_PATHS = "$(inherited) @executable_path/Frameworks @loader_path/Frameworks";
				PRODUCT_BUNDLE_IDENTIFIER = "yaroslav-zhurakovskiy.PainlessInjectionTests";
				PRODUCT_NAME = PainlessInjectionTests;
				SWIFT_VERSION = 5.0;
			};
			name = Release;
		};
/* End XCBuildConfiguration section */

/* Begin XCConfigurationList section */
		C4A6EE211D340F3F00CB7442 /* Build configuration list for PBXProject "PainlessInjection" */ = {
			isa = XCConfigurationList;
			buildConfigurations = (
				C4A6EE391D340F3F00CB7442 /* Debug */,
				C4A6EE3A1D340F3F00CB7442 /* Release */,
			);
			defaultConfigurationIsVisible = 0;
			defaultConfigurationName = Release;
		};
		C4A6EE3B1D340F3F00CB7442 /* Build configuration list for PBXNativeTarget "PainlessInjection" */ = {
			isa = XCConfigurationList;
			buildConfigurations = (
				C4A6EE3C1D340F3F00CB7442 /* Debug */,
				C4A6EE3D1D340F3F00CB7442 /* Release */,
			);
			defaultConfigurationIsVisible = 0;
			defaultConfigurationName = Release;
		};
		C4A6EE3E1D340F3F00CB7442 /* Build configuration list for PBXNativeTarget "PainlessInjectionTests" */ = {
			isa = XCConfigurationList;
			buildConfigurations = (
				C4A6EE3F1D340F3F00CB7442 /* Debug */,
				C4A6EE401D340F3F00CB7442 /* Release */,
			);
			defaultConfigurationIsVisible = 0;
			defaultConfigurationName = Release;
		};
/* End XCConfigurationList section */
	};
	rootObject = C4A6EE1E1D340F3F00CB7442 /* Project object */;
}
